
Microsoft Visual Studio Solution File, Format Version 12.00
# Visual Studio Version 16
VisualStudioVersion = 16.0.29503.13
MinimumVisualStudioVersion = 10.0.40219.1
Project("{8BC9CEB8-8B4A-11D0-8D11-00A0C91BC942}") = "求数列和", "求数列和.vcxproj", "{819136D7-FEDA-48EF-B0D2-BF6B37FC1BC0}"
EndProject
Global
	GlobalSection(SolutionConfigurationPlatforms) = preSolution
		Debug|x64 = Debug|x64
		Debug|x86 = Debug|x86
		Release|x64 = Release|x64
		Release|x86 = Release|x86
	EndGlobalSection
	GlobalSection(ProjectConfigurationPlatforms) = postSolution
		{819136D7-FEDA-48EF-B0D2-BF6B37FC1BC0}.Debug|x64.ActiveCfg = Debug|x64
		{819136D7-FEDA-48EF-B0D2-BF6B37FC1BC0}.Debug|x64.Build.0 = Debug|x64
		{819136D7-FEDA-48EF-B0D2-BF6B37FC1BC0}.Debug|x86.ActiveCfg = Debug|Win32
		{819136D7-FEDA-48EF-B0D2-BF6B37FC1BC0}.Debug|x86.Build.0 = Debug|Win32
		{819136D7-FEDA-48EF-B0D2-BF6B37FC1BC0}.Release|x64.ActiveCfg = Release|x64
		{819136D7-FEDA-48EF-B0D2-BF6B37FC1BC0}.Release|x64.Build.0 = Release|x64
		{819136D7-FEDA-48EF-B0D2-BF6B37FC1BC0}.Release|x86.ActiveCfg = Release|Win32
		{819136D7-FEDA-48EF-B0D2-BF6B37FC1BC0}.Release|x86.Build.0 = Release|Win32
	EndGlobalSection
	GlobalSection(SolutionProperties) = preSolution
		HideSolutionNode = FALSE
	EndGlobalSection
	GlobalSection(ExtensibilityGlobals) = postSolution
		SolutionGuid = {F4535427-C3F9-4DFB-8334-2E7796134575}
	EndGlobalSection
EndGlobal
