
Microsoft Visual Studio Solution File, Format Version 12.00
# Visual Studio Version 16
VisualStudioVersion = 16.0.29503.13
MinimumVisualStudioVersion = 10.0.40219.1
Project("{8BC9CEB8-8B4A-11D0-8D11-00A0C91BC942}") = "狄代求根", "狄代求根.vcxproj", "{49439F58-3FD7-4D34-8B90-AFA163B070BA}"
EndProject
Global
	GlobalSection(SolutionConfigurationPlatforms) = preSolution
		Debug|x64 = Debug|x64
		Debug|x86 = Debug|x86
		Release|x64 = Release|x64
		Release|x86 = Release|x86
	EndGlobalSection
	GlobalSection(ProjectConfigurationPlatforms) = postSolution
		{49439F58-3FD7-4D34-8B90-AFA163B070BA}.Debug|x64.ActiveCfg = Debug|x64
		{49439F58-3FD7-4D34-8B90-AFA163B070BA}.Debug|x64.Build.0 = Debug|x64
		{49439F58-3FD7-4D34-8B90-AFA163B070BA}.Debug|x86.ActiveCfg = Debug|Win32
		{49439F58-3FD7-4D34-8B90-AFA163B070BA}.Debug|x86.Build.0 = Debug|Win32
		{49439F58-3FD7-4D34-8B90-AFA163B070BA}.Release|x64.ActiveCfg = Release|x64
		{49439F58-3FD7-4D34-8B90-AFA163B070BA}.Release|x64.Build.0 = Release|x64
		{49439F58-3FD7-4D34-8B90-AFA163B070BA}.Release|x86.ActiveCfg = Release|Win32
		{49439F58-3FD7-4D34-8B90-AFA163B070BA}.Release|x86.Build.0 = Release|Win32
	EndGlobalSection
	GlobalSection(SolutionProperties) = preSolution
		HideSolutionNode = FALSE
	EndGlobalSection
	GlobalSection(ExtensibilityGlobals) = postSolution
		SolutionGuid = {9D322488-F2EC-4C85-AEAE-2D08BAAE1196}
	EndGlobalSection
EndGlobal
