
Microsoft Visual Studio Solution File, Format Version 12.00
# Visual Studio Version 16
VisualStudioVersion = 16.0.29613.14
MinimumVisualStudioVersion = 10.0.40219.1
Project("{8BC9CEB8-8B4A-11D0-8D11-00A0C91BC942}") = "木", "木\木.vcxproj", "{721B3724-4B4F-4F36-B4B0-FD9B08DEDD52}"
EndProject
Global
	GlobalSection(SolutionConfigurationPlatforms) = preSolution
		Debug|x64 = Debug|x64
		Debug|x86 = Debug|x86
		Release|x64 = Release|x64
		Release|x86 = Release|x86
	EndGlobalSection
	GlobalSection(ProjectConfigurationPlatforms) = postSolution
		{721B3724-4B4F-4F36-B4B0-FD9B08DEDD52}.Debug|x64.ActiveCfg = Debug|x64
		{721B3724-4B4F-4F36-B4B0-FD9B08DEDD52}.Debug|x64.Build.0 = Debug|x64
		{721B3724-4B4F-4F36-B4B0-FD9B08DEDD52}.Debug|x86.ActiveCfg = Debug|Win32
		{721B3724-4B4F-4F36-B4B0-FD9B08DEDD52}.Debug|x86.Build.0 = Debug|Win32
		{721B3724-4B4F-4F36-B4B0-FD9B08DEDD52}.Release|x64.ActiveCfg = Release|x64
		{721B3724-4B4F-4F36-B4B0-FD9B08DEDD52}.Release|x64.Build.0 = Release|x64
		{721B3724-4B4F-4F36-B4B0-FD9B08DEDD52}.Release|x86.ActiveCfg = Release|Win32
		{721B3724-4B4F-4F36-B4B0-FD9B08DEDD52}.Release|x86.Build.0 = Release|Win32
	EndGlobalSection
	GlobalSection(SolutionProperties) = preSolution
		HideSolutionNode = FALSE
	EndGlobalSection
	GlobalSection(ExtensibilityGlobals) = postSolution
		SolutionGuid = {8066F031-8CA9-4D06-A76F-CC63CD6507DB}
	EndGlobalSection
EndGlobal
