
Microsoft Visual Studio Solution File, Format Version 12.00
# Visual Studio Version 16
VisualStudioVersion = 16.0.29503.13
MinimumVisualStudioVersion = 10.0.40219.1
Project("{8BC9CEB8-8B4A-11D0-8D11-00A0C91BC942}") = "判断素数", "判断素数.vcxproj", "{7F34A523-7ED4-49D8-82F1-007A223538DA}"
EndProject
Global
	GlobalSection(SolutionConfigurationPlatforms) = preSolution
		Debug|x64 = Debug|x64
		Debug|x86 = Debug|x86
		Release|x64 = Release|x64
		Release|x86 = Release|x86
	EndGlobalSection
	GlobalSection(ProjectConfigurationPlatforms) = postSolution
		{7F34A523-7ED4-49D8-82F1-007A223538DA}.Debug|x64.ActiveCfg = Debug|x64
		{7F34A523-7ED4-49D8-82F1-007A223538DA}.Debug|x64.Build.0 = Debug|x64
		{7F34A523-7ED4-49D8-82F1-007A223538DA}.Debug|x86.ActiveCfg = Debug|Win32
		{7F34A523-7ED4-49D8-82F1-007A223538DA}.Debug|x86.Build.0 = Debug|Win32
		{7F34A523-7ED4-49D8-82F1-007A223538DA}.Release|x64.ActiveCfg = Release|x64
		{7F34A523-7ED4-49D8-82F1-007A223538DA}.Release|x64.Build.0 = Release|x64
		{7F34A523-7ED4-49D8-82F1-007A223538DA}.Release|x86.ActiveCfg = Release|Win32
		{7F34A523-7ED4-49D8-82F1-007A223538DA}.Release|x86.Build.0 = Release|Win32
	EndGlobalSection
	GlobalSection(SolutionProperties) = preSolution
		HideSolutionNode = FALSE
	EndGlobalSection
	GlobalSection(ExtensibilityGlobals) = postSolution
		SolutionGuid = {1C1F0B74-DFF3-4678-91B8-A197E8A553A4}
	EndGlobalSection
EndGlobal
